PODS:
  - Alamofire (4.9.1)
  - EntropyKit (0.1.0):
    - Alamofire
    - GRDB.swift
    - OLMKit
  - GRDB.swift (4.9.0):
    - GRDB.swift/standard (= 4.9.0)
  - GRDB.swift/standard (4.9.0)
  - OLMKit (3.1.0):
    - OLMKit/olmc (= 3.1.0)
    - OLMKit/olmcpp (= 3.1.0)
  - OLMKit/olmc (3.1.0)
  - OLMKit/olmcpp (3.1.0)
  - SwiftFormat/CLI (0.44.0)

DEPENDENCIES:
  - EntropyKit (from `https://github.com/Kodeshack/EntropyKit.git`, branch `master`)
  - OLMKit
  - SwiftFormat/CLI

SPEC REPOS:
  trunk:
    - Alamofire
    - GRDB.swift
    - OLMKit
    - SwiftFormat

EXTERNAL SOURCES:
  EntropyKit:
    :branch: master
    :git: https://github.com/Kodeshack/EntropyKit.git

CHECKOUT OPTIONS:
  EntropyKit:
    :commit: ff0ef8386022a083303e7fe87ded7c257e7794c7
    :git: https://github.com/Kodeshack/EntropyKit.git

SPEC CHECKSUMS:
  Alamofire: 85e8a02c69d6020a0d734f6054870d7ecb75cf18
  EntropyKit: e1457d5027a1d4fccaeca95c63fda05ed9d0c2ff
  GRDB.swift: 4a6aab0c6f492db0ed42c76efdd5733245516db4
  OLMKit: 4ee0159d63feeb86d836fdcfefe418e163511639
  SwiftFormat: 180a4d17bcfa2c9f61b202dac7dddd2087ff920a

PODFILE CHECKSUM: db275c88631978ccfcc6e78f274eaa1faba67d68

COCOAPODS: 1.8.4
