PODS:
  - Alamofire (4.8.2)
  - EntropyKit (0.1.0):
    - Alamofire
    - GRDB.swift
    - OLMKit
  - GRDB.swift (4.1.1):
    - GRDB.swift/standard (= 4.1.1)
  - GRDB.swift/standard (4.1.1)
  - OLMKit (3.1.0):
    - OLMKit/olmc (= 3.1.0)
    - OLMKit/olmcpp (= 3.1.0)
  - OLMKit/olmc (3.1.0)
  - OLMKit/olmcpp (3.1.0)
  - SwiftFormat/CLI (0.40.10)

DEPENDENCIES:
  - EntropyKit (from `https://github.com/Kodeshack/EntropyKit.git`, branch `master`)
  - OLMKit
  - SwiftFormat/CLI

SPEC REPOS:
  https://github.com/cocoapods/specs.git:
    - Alamofire
    - GRDB.swift
    - OLMKit
    - SwiftFormat

EXTERNAL SOURCES:
  EntropyKit:
    :branch: master
    :git: https://github.com/Kodeshack/EntropyKit.git

CHECKOUT OPTIONS:
  EntropyKit:
    :commit: 20bb1c8038e77e2bef27c33662e5494787ace1ad
    :git: https://github.com/Kodeshack/EntropyKit.git

SPEC CHECKSUMS:
  Alamofire: ae5c501addb7afdbb13687d7f2f722c78734c2d3
  EntropyKit: e1457d5027a1d4fccaeca95c63fda05ed9d0c2ff
  GRDB.swift: 99b10e1afa666ff024d76e38b37fefd34b57def4
  OLMKit: 4ee0159d63feeb86d836fdcfefe418e163511639
  SwiftFormat: d0e2118da5bfccc0158f0b8eff80c476c5acd984

PODFILE CHECKSUM: db275c88631978ccfcc6e78f274eaa1faba67d68

COCOAPODS: 1.7.5
